
Microsoft Visual Studio Solution File, Format Version 12.00
# Visual Studio Version 16
VisualStudioVersion = 16.0.30503.244
MinimumVisualStudioVersion = 10.0.40219.1
Project("{FAE04EC0-301F-11D3-BF4B-00C04F79EFBC}") = "IntrepidTravel2", "IntrepidTravel2\IntrepidTravel2.csproj", "{D94B7242-FD21-4420-B708-461A7339CE10}"
EndProject
Global
	GlobalSection(SolutionConfigurationPlatforms) = preSolution
		Debug|Any CPU = Debug|Any CPU
		Release|Any CPU = Release|Any CPU
	EndGlobalSection
	GlobalSection(ProjectConfigurationPlatforms) = postSolution
		{D94B7242-FD21-4420-B708-461A7339CE10}.Debug|Any CPU.ActiveCfg = Debug|Any CPU
		{D94B7242-FD21-4420-B708-461A7339CE10}.Debug|Any CPU.Build.0 = Debug|Any CPU
		{D94B7242-FD21-4420-B708-461A7339CE10}.Release|Any CPU.ActiveCfg = Release|Any CPU
		{D94B7242-FD21-4420-B708-461A7339CE10}.Release|Any CPU.Build.0 = Release|Any CPU
	EndGlobalSection
	GlobalSection(SolutionProperties) = preSolution
		HideSolutionNode = FALSE
	EndGlobalSection
	GlobalSection(ExtensibilityGlobals) = postSolution
		SolutionGuid = {063DA332-3591-4F3A-B6C1-D257F56D21E8}
	EndGlobalSection
EndGlobal
